<?xml version="1.0" encoding="utf-8"?>
<Project ToolsVersion="4.0" xmlns="http://schemas.microsoft.com/developer/msbuild/2003">
  <ItemGroup>
    <Filter Include="소스 파일">
      <UniqueIdentifier>{4FC737F1-C7A5-4376-A066-2A32D752A2FF}</UniqueIdentifier>
      <Extensions>cpp;c;cc;cxx;c++;cppm;ixx;def;odl;idl;hpj;bat;asm;asmx</Extensions>
    </Filter>
    <Filter Include="헤더 파일">
      <UniqueIdentifier>{93995380-89BD-4b04-88EB-625FBE52EBFB}</UniqueIdentifier>
      <Extensions>h;hh;hpp;hxx;h++;hm;inl;inc;ipp;xsd</Extensions>
    </Filter>
    <Filter Include="소스 파일\리소스 파일">
      <UniqueIdentifier>{67DA6AB6-F800-4c08-8B7A-83BB121AAD01}</UniqueIdentifier>
      <Extensions>rc;ico;cur;bmp;dlg;rc2;rct;bin;rgs;gif;jpg;jpeg;jpe;resx;tiff;tif;png;wav;mfcribbon-ms</Extensions>
    </Filter>
  </ItemGroup>
  <ItemGroup>
    <ClCompile Include="BubbleSort.cpp">
      <Filter>소스 파일</Filter>
    </ClCompile>
    <ClCompile Include="sort.cpp">
      <Filter>소스 파일</Filter>
    </ClCompile>
    <ClCompile Include="Pair.cpp">
      <Filter>소스 파일</Filter>
    </ClCompile>
    <ClCompile Include="pair2.cpp">
      <Filter>소스 파일</Filter>
    </ClCompile>
    <ClCompile Include="동적프로그래밍.cpp">
      <Filter>소스 파일</Filter>
    </ClCompile>
    <ClCompile Include="1로 만들기.cpp">
      <Filter>소스 파일</Filter>
    </ClCompile>
    <ClCompile Include="2xn타일링.cpp">
      <Filter>소스 파일</Filter>
    </ClCompile>
    <ClCompile Include="pair3.cpp">
      <Filter>소스 파일</Filter>
    </ClCompile>
    <ClCompile Include="getline.cpp">
      <Filter>소스 파일</Filter>
    </ClCompile>
    <ClCompile Include="switch.cpp">
      <Filter>소스 파일</Filter>
    </ClCompile>
    <ClCompile Include="아스키코드 예시.cpp">
      <Filter>소스 파일</Filter>
    </ClCompile>
    <ClCompile Include="min_max.cpp">
      <Filter>소스 파일</Filter>
    </ClCompile>
    <ClCompile Include="별찍기.cpp">
      <Filter>소스 파일</Filter>
    </ClCompile>
    <ClCompile Include="pow.cpp">
      <Filter>소스 파일</Filter>
    </ClCompile>
    <ClCompile Include="DFS,BFS%28fill%29.cpp">
      <Filter>소스 파일</Filter>
    </ClCompile>
    <ClCompile Include="vector%28endl%29.cpp">
      <Filter>소스 파일</Filter>
    </ClCompile>
    <ClCompile Include="연습1.cpp">
      <Filter>소스 파일</Filter>
    </ClCompile>
    <ClCompile Include="factorial.cpp">
      <Filter>소스 파일</Filter>
    </ClCompile>
    <ClCompile Include="fibonacci.cpp">
      <Filter>소스 파일</Filter>
    </ClCompile>
    <ClCompile Include="하노이탑.cpp">
      <Filter>소스 파일</Filter>
    </ClCompile>
    <ClCompile Include="stack.c">
      <Filter>소스 파일</Filter>
    </ClCompile>
    <ClCompile Include="stack1.cpp">
      <Filter>소스 파일</Filter>
    </ClCompile>
    <ClCompile Include="stack2.cpp">
      <Filter>소스 파일</Filter>
    </ClCompile>
    <ClCompile Include="괄호(스택).cpp">
      <Filter>소스 파일</Filter>
    </ClCompile>
    <ClCompile Include="균형잡힌세상(스택).cpp">
      <Filter>소스 파일</Filter>
    </ClCompile>
    <ClCompile Include="queue.cpp">
      <Filter>소스 파일</Filter>
    </ClCompile>
    <ClCompile Include="포도주시식(DP).cpp">
      <Filter>소스 파일</Filter>
    </ClCompile>
    <ClCompile Include="queue2%28코드좋음%29.cpp">
      <Filter>소스 파일</Filter>
    </ClCompile>
    <ClCompile Include="프린터큐.cpp">
      <Filter>소스 파일</Filter>
    </ClCompile>
    <ClCompile Include="priority_queue.cpp">
      <Filter>소스 파일</Filter>
    </ClCompile>
    <ClCompile Include="priority_queue1.cpp">
      <Filter>소스 파일</Filter>
    </ClCompile>
    <ClCompile Include="binary_search.cpp">
      <Filter>소스 파일</Filter>
    </ClCompile>
    <ClCompile Include="연습.cpp">
      <Filter>소스 파일</Filter>
    </ClCompile>
    <ClCompile Include="binary_search1.cpp">
      <Filter>소스 파일</Filter>
    </ClCompile>
    <ClCompile Include="string.cpp">
      <Filter>소스 파일</Filter>
    </ClCompile>
    <ClCompile Include="문자열뒤집기비교.cpp">
      <Filter>소스 파일</Filter>
    </ClCompile>
    <ClCompile Include="vector(string넣기).cpp">
      <Filter>소스 파일</Filter>
    </ClCompile>
  </ItemGroup>
  <ItemGroup>
    <Text Include="input.txt">
      <Filter>소스 파일</Filter>
    </Text>
    <Text Include="output.txt">
      <Filter>소스 파일</Filter>
    </Text>
    <Text Include="memo.txt">
      <Filter>소스 파일</Filter>
    </Text>
  </ItemGroup>
</Project>